
Microsoft Visual Studio Solution File, Format Version 12.00
# Visual Studio Version 17
VisualStudioVersion = 17.6.33723.286
MinimumVisualStudioVersion = 10.0.40219.1
Project("{FAE04EC0-301F-11D3-BF4B-00C04F79EFBC}") = "ConsoleApp12", "ConsoleApp12.csproj", "{8B7970DA-FDAD-40C3-99DD-BF9E887CAEAA}"
EndProject
Global
	GlobalSection(SolutionConfigurationPlatforms) = preSolution
		Debug|Any CPU = Debug|Any CPU
		Release|Any CPU = Release|Any CPU
	EndGlobalSection
	GlobalSection(ProjectConfigurationPlatforms) = postSolution
		{8B7970DA-FDAD-40C3-99DD-BF9E887CAEAA}.Debug|Any CPU.ActiveCfg = Debug|Any CPU
		{8B7970DA-FDAD-40C3-99DD-BF9E887CAEAA}.Debug|Any CPU.Build.0 = Debug|Any CPU
		{8B7970DA-FDAD-40C3-99DD-BF9E887CAEAA}.Release|Any CPU.ActiveCfg = Release|Any CPU
		{8B7970DA-FDAD-40C3-99DD-BF9E887CAEAA}.Release|Any CPU.Build.0 = Release|Any CPU
	EndGlobalSection
	GlobalSection(SolutionProperties) = preSolution
		HideSolutionNode = FALSE
	EndGlobalSection
	GlobalSection(ExtensibilityGlobals) = postSolution
		SolutionGuid = {AA272196-EDB9-4AE9-B32C-1F35B9D79A06}
	EndGlobalSection
EndGlobal
